
Microsoft Visual Studio Solution File, Format Version 12.00
# Visual Studio Version 17
VisualStudioVersion = 17.14.36212.18
MinimumVisualStudioVersion = 10.0.40219.1
Project("{FAE04EC0-301F-11D3-BF4B-00C04F79EFBC}") = "Core", "Core\Core.csproj", "{6FA74A0D-B1AE-4F6F-BB7A-B956D267E25B}"
EndProject
Project("{FAE04EC0-301F-11D3-BF4B-00C04F79EFBC}") = "Infrastructure", "Infrastructure\Infrastructure.csproj", "{6EB4FB89-C5FB-49B1-9DBE-2EB012430531}"
EndProject
Project("{FAE04EC0-301F-11D3-BF4B-00C04F79EFBC}") = "Web", "Web\Web.csproj", "{C74A7A19-9F63-404B-A666-8F4854BC7610}"
EndProject
Project("{FAE04EC0-301F-11D3-BF4B-00C04F79EFBC}") = "Application", "Application\Application.csproj", "{926F154F-0079-4350-A2FC-9D769F5F6220}"
EndProject
Global
	GlobalSection(SolutionConfigurationPlatforms) = preSolution
		Debug|Any CPU = Debug|Any CPU
		Debug|x64 = Debug|x64
		Debug|x86 = Debug|x86
		Release|Any CPU = Release|Any CPU
		Release|x64 = Release|x64
		Release|x86 = Release|x86
	EndGlobalSection
	GlobalSection(ProjectConfigurationPlatforms) = postSolution
		{6FA74A0D-B1AE-4F6F-BB7A-B956D267E25B}.Debug|Any CPU.ActiveCfg = Debug|Any CPU
		{6FA74A0D-B1AE-4F6F-BB7A-B956D267E25B}.Debug|Any CPU.Build.0 = Debug|Any CPU
		{6FA74A0D-B1AE-4F6F-BB7A-B956D267E25B}.Debug|x64.ActiveCfg = Debug|Any CPU
		{6FA74A0D-B1AE-4F6F-BB7A-B956D267E25B}.Debug|x64.Build.0 = Debug|Any CPU
		{6FA74A0D-B1AE-4F6F-BB7A-B956D267E25B}.Debug|x86.ActiveCfg = Debug|Any CPU
		{6FA74A0D-B1AE-4F6F-BB7A-B956D267E25B}.Debug|x86.Build.0 = Debug|Any CPU
		{6FA74A0D-B1AE-4F6F-BB7A-B956D267E25B}.Release|Any CPU.ActiveCfg = Release|Any CPU
		{6FA74A0D-B1AE-4F6F-BB7A-B956D267E25B}.Release|Any CPU.Build.0 = Release|Any CPU
		{6FA74A0D-B1AE-4F6F-BB7A-B956D267E25B}.Release|x64.ActiveCfg = Release|Any CPU
		{6FA74A0D-B1AE-4F6F-BB7A-B956D267E25B}.Release|x64.Build.0 = Release|Any CPU
		{6FA74A0D-B1AE-4F6F-BB7A-B956D267E25B}.Release|x86.ActiveCfg = Release|Any CPU
		{6FA74A0D-B1AE-4F6F-BB7A-B956D267E25B}.Release|x86.Build.0 = Release|Any CPU
		{6EB4FB89-C5FB-49B1-9DBE-2EB012430531}.Debug|Any CPU.ActiveCfg = Debug|Any CPU
		{6EB4FB89-C5FB-49B1-9DBE-2EB012430531}.Debug|Any CPU.Build.0 = Debug|Any CPU
		{6EB4FB89-C5FB-49B1-9DBE-2EB012430531}.Debug|x64.ActiveCfg = Debug|Any CPU
		{6EB4FB89-C5FB-49B1-9DBE-2EB012430531}.Debug|x64.Build.0 = Debug|Any CPU
		{6EB4FB89-C5FB-49B1-9DBE-2EB012430531}.Debug|x86.ActiveCfg = Debug|Any CPU
		{6EB4FB89-C5FB-49B1-9DBE-2EB012430531}.Debug|x86.Build.0 = Debug|Any CPU
		{6EB4FB89-C5FB-49B1-9DBE-2EB012430531}.Release|Any CPU.ActiveCfg = Release|Any CPU
		{6EB4FB89-C5FB-49B1-9DBE-2EB012430531}.Release|Any CPU.Build.0 = Release|Any CPU
		{6EB4FB89-C5FB-49B1-9DBE-2EB012430531}.Release|x64.ActiveCfg = Release|Any CPU
		{6EB4FB89-C5FB-49B1-9DBE-2EB012430531}.Release|x64.Build.0 = Release|Any CPU
		{6EB4FB89-C5FB-49B1-9DBE-2EB012430531}.Release|x86.ActiveCfg = Release|Any CPU
		{6EB4FB89-C5FB-49B1-9DBE-2EB012430531}.Release|x86.Build.0 = Release|Any CPU
		{C74A7A19-9F63-404B-A666-8F4854BC7610}.Debug|Any CPU.ActiveCfg = Debug|Any CPU
		{C74A7A19-9F63-404B-A666-8F4854BC7610}.Debug|Any CPU.Build.0 = Debug|Any CPU
		{C74A7A19-9F63-404B-A666-8F4854BC7610}.Debug|x64.ActiveCfg = Debug|Any CPU
		{C74A7A19-9F63-404B-A666-8F4854BC7610}.Debug|x64.Build.0 = Debug|Any CPU
		{C74A7A19-9F63-404B-A666-8F4854BC7610}.Debug|x86.ActiveCfg = Debug|Any CPU
		{C74A7A19-9F63-404B-A666-8F4854BC7610}.Debug|x86.Build.0 = Debug|Any CPU
		{C74A7A19-9F63-404B-A666-8F4854BC7610}.Release|Any CPU.ActiveCfg = Release|Any CPU
		{C74A7A19-9F63-404B-A666-8F4854BC7610}.Release|Any CPU.Build.0 = Release|Any CPU
		{C74A7A19-9F63-404B-A666-8F4854BC7610}.Release|x64.ActiveCfg = Release|Any CPU
		{C74A7A19-9F63-404B-A666-8F4854BC7610}.Release|x64.Build.0 = Release|Any CPU
		{C74A7A19-9F63-404B-A666-8F4854BC7610}.Release|x86.ActiveCfg = Release|Any CPU
		{C74A7A19-9F63-404B-A666-8F4854BC7610}.Release|x86.Build.0 = Release|Any CPU
		{926F154F-0079-4350-A2FC-9D769F5F6220}.Debug|Any CPU.ActiveCfg = Debug|Any CPU
		{926F154F-0079-4350-A2FC-9D769F5F6220}.Debug|Any CPU.Build.0 = Debug|Any CPU
		{926F154F-0079-4350-A2FC-9D769F5F6220}.Debug|x64.ActiveCfg = Debug|Any CPU
		{926F154F-0079-4350-A2FC-9D769F5F6220}.Debug|x64.Build.0 = Debug|Any CPU
		{926F154F-0079-4350-A2FC-9D769F5F6220}.Debug|x86.ActiveCfg = Debug|Any CPU
		{926F154F-0079-4350-A2FC-9D769F5F6220}.Debug|x86.Build.0 = Debug|Any CPU
		{926F154F-0079-4350-A2FC-9D769F5F6220}.Release|Any CPU.ActiveCfg = Release|Any CPU
		{926F154F-0079-4350-A2FC-9D769F5F6220}.Release|Any CPU.Build.0 = Release|Any CPU
		{926F154F-0079-4350-A2FC-9D769F5F6220}.Release|x64.ActiveCfg = Release|Any CPU
		{926F154F-0079-4350-A2FC-9D769F5F6220}.Release|x64.Build.0 = Release|Any CPU
		{926F154F-0079-4350-A2FC-9D769F5F6220}.Release|x86.ActiveCfg = Release|Any CPU
		{926F154F-0079-4350-A2FC-9D769F5F6220}.Release|x86.Build.0 = Release|Any CPU
	EndGlobalSection
	GlobalSection(SolutionProperties) = preSolution
		HideSolutionNode = FALSE
	EndGlobalSection
	GlobalSection(ExtensibilityGlobals) = postSolution
		SolutionGuid = {766C7674-2D9D-4313-B7BD-DABFA162BC0F}
	EndGlobalSection
EndGlobal
